
Microsoft Visual Studio Solution File, Format Version 12.00
# Visual Studio Version 17
VisualStudioVersion = 17.2.32616.157
MinimumVisualStudioVersion = 10.0.40219.1
Project("{FAE04EC0-301F-11D3-BF4B-00C04F79EFBC}") = "modul6", "modul6\modul6.csproj", "{DCA1B0CE-43D7-4F7A-BF16-FBE91D2282A6}"
EndProject
Global
	GlobalSection(SolutionConfigurationPlatforms) = preSolution
		Debug|Any CPU = Debug|Any CPU
		Release|Any CPU = Release|Any CPU
	EndGlobalSection
	GlobalSection(ProjectConfigurationPlatforms) = postSolution
		{DCA1B0CE-43D7-4F7A-BF16-FBE91D2282A6}.Debug|Any CPU.ActiveCfg = Debug|Any CPU
		{DCA1B0CE-43D7-4F7A-BF16-FBE91D2282A6}.Debug|Any CPU.Build.0 = Debug|Any CPU
		{DCA1B0CE-43D7-4F7A-BF16-FBE91D2282A6}.Release|Any CPU.ActiveCfg = Release|Any CPU
		{DCA1B0CE-43D7-4F7A-BF16-FBE91D2282A6}.Release|Any CPU.Build.0 = Release|Any CPU
	EndGlobalSection
	GlobalSection(SolutionProperties) = preSolution
		HideSolutionNode = FALSE
	EndGlobalSection
	GlobalSection(ExtensibilityGlobals) = postSolution
		SolutionGuid = {1D39D760-D64C-49A4-A484-9CB4FF4796FB}
	EndGlobalSection
EndGlobal
